
Microsoft Visual Studio Solution File, Format Version 12.00
# Visual Studio Version 16
VisualStudioVersion = 16.0.30611.23
MinimumVisualStudioVersion = 10.0.40219.1
Project("{8BC9CEB8-8B4A-11D0-8D11-00A0C91BC942}") = "Project 2 - Pendulum", "Project 2 - Pendulum\Project 2 - Pendulum.vcxproj", "{E63AC982-4BC9-4A26-83BA-57081634EB5B}"
EndProject
Global
	GlobalSection(SolutionConfigurationPlatforms) = preSolution
		Debug|x64 = Debug|x64
		Debug|x86 = Debug|x86
		Release|x64 = Release|x64
		Release|x86 = Release|x86
	EndGlobalSection
	GlobalSection(ProjectConfigurationPlatforms) = postSolution
		{E63AC982-4BC9-4A26-83BA-57081634EB5B}.Debug|x64.ActiveCfg = Debug|x64
		{E63AC982-4BC9-4A26-83BA-57081634EB5B}.Debug|x64.Build.0 = Debug|x64
		{E63AC982-4BC9-4A26-83BA-57081634EB5B}.Debug|x86.ActiveCfg = Debug|Win32
		{E63AC982-4BC9-4A26-83BA-57081634EB5B}.Debug|x86.Build.0 = Debug|Win32
		{E63AC982-4BC9-4A26-83BA-57081634EB5B}.Release|x64.ActiveCfg = Release|x64
		{E63AC982-4BC9-4A26-83BA-57081634EB5B}.Release|x64.Build.0 = Release|x64
		{E63AC982-4BC9-4A26-83BA-57081634EB5B}.Release|x86.ActiveCfg = Release|Win32
		{E63AC982-4BC9-4A26-83BA-57081634EB5B}.Release|x86.Build.0 = Release|Win32
	EndGlobalSection
	GlobalSection(SolutionProperties) = preSolution
		HideSolutionNode = FALSE
	EndGlobalSection
	GlobalSection(ExtensibilityGlobals) = postSolution
		SolutionGuid = {4EC38A4C-C3F8-48C6-BABE-AD83B5350B9B}
	EndGlobalSection
EndGlobal
